// !$*UTF8*$!
{
	archiveVersion = 1;
	classes = {
	};
	objectVersion = 56;
	objects = {

/* Begin PBXBuildFile section */
		223A6D1F2AD3E4F6007702F0 /* DataRace.swift in Sources */ = {isa = PBXBuildFile; fileRef = 223A6D1E2AD3E4F6007702F0 /* DataRace.swift */; };
		226231B52A77CA6400BA2335 /* SLQueueWithArray.swift in Sources */ = {isa = PBXBuildFile; fileRef = 226231B42A77CA6400BA2335 /* SLQueueWithArray.swift */; };
		226CDA742A6D1759004F3A77 /* AppDelegate.swift in Sources */ = {isa = PBXBuildFile; fileRef = 226CDA732A6D1759004F3A77 /* AppDelegate.swift */; };
		226CDA782A6D1759004F3A77 /* ViewController.swift in Sources */ = {isa = PBXBuildFile; fileRef = 226CDA772A6D1759004F3A77 /* ViewController.swift */; };
		226CDA7B2A6D1759004F3A77 /* Main.storyboard in Resources */ = {isa = PBXBuildFile; fileRef = 226CDA792A6D1759004F3A77 /* Main.storyboard */; };
		226CDA7D2A6D175A004F3A77 /* Assets.xcassets in Resources */ = {isa = PBXBuildFile; fileRef = 226CDA7C2A6D175A004F3A77 /* Assets.xcassets */; };
		226CDA802A6D175A004F3A77 /* LaunchScreen.storyboard in Resources */ = {isa = PBXBuildFile; fileRef = 226CDA7E2A6D175A004F3A77 /* LaunchScreen.storyboard */; };
		226CDA902A6D1789004F3A77 /* SLSequence.docc in Sources */ = {isa = PBXBuildFile; fileRef = 226CDA8F2A6D1789004F3A77 /* SLSequence.docc */; };
		226CDA962A6D178A004F3A77 /* SLSequence.framework in Frameworks */ = {isa = PBXBuildFile; fileRef = 226CDA8C2A6D1789004F3A77 /* SLSequence.framework */; };
		226CDA9D2A6D178A004F3A77 /* SLArrayTests.swift in Sources */ = {isa = PBXBuildFile; fileRef = 226CDA9C2A6D178A004F3A77 /* SLArrayTests.swift */; };
		226CDA9E2A6D178A004F3A77 /* SLSequence.h in Headers */ = {isa = PBXBuildFile; fileRef = 226CDA8E2A6D1789004F3A77 /* SLSequence.h */; settings = {ATTRIBUTES = (Public, ); }; };
		226CDAA12A6D178A004F3A77 /* SLSequence.framework in Frameworks */ = {isa = PBXBuildFile; fileRef = 226CDA8C2A6D1789004F3A77 /* SLSequence.framework */; };
		226CDAA22A6D178A004F3A77 /* SLSequence.framework in Embed Frameworks */ = {isa = PBXBuildFile; fileRef = 226CDA8C2A6D1789004F3A77 /* SLSequence.framework */; settings = {ATTRIBUTES = (CodeSignOnCopy, RemoveHeadersOnCopy, ); }; };
		226CDAAB2A6D17A7004F3A77 /* SLArray.swift in Sources */ = {isa = PBXBuildFile; fileRef = 226CDAAA2A6D17A7004F3A77 /* SLArray.swift */; };
		22731FF22A90814A00640F41 /* SLHashMapTests.swift in Sources */ = {isa = PBXBuildFile; fileRef = 22731FF12A90814A00640F41 /* SLHashMapTests.swift */; };
		22799B152A8DA9540057C2C2 /* SLHashSet.docc in Sources */ = {isa = PBXBuildFile; fileRef = 22799B142A8DA9540057C2C2 /* SLHashSet.docc */; };
		22799B1B2A8DA9540057C2C2 /* SLHashSet.framework in Frameworks */ = {isa = PBXBuildFile; fileRef = 22799B112A8DA9540057C2C2 /* SLHashSet.framework */; };
		22799B222A8DA9540057C2C2 /* SLHashSetTests.swift in Sources */ = {isa = PBXBuildFile; fileRef = 22799B212A8DA9540057C2C2 /* SLHashSetTests.swift */; };
		22799B232A8DA9540057C2C2 /* SLHashSet.h in Headers */ = {isa = PBXBuildFile; fileRef = 22799B132A8DA9540057C2C2 /* SLHashSet.h */; settings = {ATTRIBUTES = (Public, ); }; };
		22799B262A8DA9540057C2C2 /* SLHashSet.framework in Frameworks */ = {isa = PBXBuildFile; fileRef = 22799B112A8DA9540057C2C2 /* SLHashSet.framework */; };
		22799B272A8DA9540057C2C2 /* SLHashSet.framework in Embed Frameworks */ = {isa = PBXBuildFile; fileRef = 22799B112A8DA9540057C2C2 /* SLHashSet.framework */; settings = {ATTRIBUTES = (CodeSignOnCopy, RemoveHeadersOnCopy, ); }; };
		22799B2F2A8DA99C0057C2C2 /* SLHashSet.swift in Sources */ = {isa = PBXBuildFile; fileRef = 22799B2E2A8DA99C0057C2C2 /* SLHashSet.swift */; };
		227E65C82AB5662800C12A51 /* SLLinkedListTests.swift in Sources */ = {isa = PBXBuildFile; fileRef = 227E65C72AB5662800C12A51 /* SLLinkedListTests.swift */; };
		227FFCBC2A8F14F000B800F7 /* SLHashMap.swift in Sources */ = {isa = PBXBuildFile; fileRef = 227FFCBB2A8F14F000B800F7 /* SLHashMap.swift */; };
		2284AB192AADB96800119CEF /* SLLinkedList.swift in Sources */ = {isa = PBXBuildFile; fileRef = 2284AB182AADB96800119CEF /* SLLinkedList.swift */; };
		2287A35B2A76BB27004837F9 /* SLQueue.docc in Sources */ = {isa = PBXBuildFile; fileRef = 2287A35A2A76BB27004837F9 /* SLQueue.docc */; };
		2287A3612A76BB27004837F9 /* SLQueue.framework in Frameworks */ = {isa = PBXBuildFile; fileRef = 2287A3572A76BB27004837F9 /* SLQueue.framework */; };
		2287A3682A76BB27004837F9 /* SLQueueTestsWithLinkedList.swift in Sources */ = {isa = PBXBuildFile; fileRef = 2287A3672A76BB27004837F9 /* SLQueueTestsWithLinkedList.swift */; };
		2287A3692A76BB27004837F9 /* SLQueue.h in Headers */ = {isa = PBXBuildFile; fileRef = 2287A3592A76BB27004837F9 /* SLQueue.h */; settings = {ATTRIBUTES = (Public, ); }; };
		2287A36C2A76BB27004837F9 /* SLQueue.framework in Frameworks */ = {isa = PBXBuildFile; fileRef = 2287A3572A76BB27004837F9 /* SLQueue.framework */; };
		2287A36D2A76BB27004837F9 /* SLQueue.framework in Embed Frameworks */ = {isa = PBXBuildFile; fileRef = 2287A3572A76BB27004837F9 /* SLQueue.framework */; settings = {ATTRIBUTES = (CodeSignOnCopy, RemoveHeadersOnCopy, ); }; };
		2287A3742A76BB99004837F9 /* SLQueueWithLinkedList.swift in Sources */ = {isa = PBXBuildFile; fileRef = 2287A34D2A76BB1B004837F9 /* SLQueueWithLinkedList.swift */; };
		22F2E74A2ACE669000EF3574 /* WrapCSortAPI.swift in Sources */ = {isa = PBXBuildFile; fileRef = 22F2E7492ACE669000EF3574 /* WrapCSortAPI.swift */; };
/* End PBXBuildFile section */

/* Begin PBXContainerItemProxy section */
		226CDA972A6D178A004F3A77 /* PBXContainerItemProxy */ = {
			isa = PBXContainerItemProxy;
			containerPortal = 226CDA682A6D1759004F3A77 /* Project object */;
			proxyType = 1;
			remoteGlobalIDString = 226CDA8B2A6D1789004F3A77;
			remoteInfo = SLSequence;
		};
		226CDA992A6D178A004F3A77 /* PBXContainerItemProxy */ = {
			isa = PBXContainerItemProxy;
			containerPortal = 226CDA682A6D1759004F3A77 /* Project object */;
			proxyType = 1;
			remoteGlobalIDString = 226CDA6F2A6D1759004F3A77;
			remoteInfo = DataStructureJourney;
		};
		226CDA9F2A6D178A004F3A77 /* PBXContainerItemProxy */ = {
			isa = PBXContainerItemProxy;
			containerPortal = 226CDA682A6D1759004F3A77 /* Project object */;
			proxyType = 1;
			remoteGlobalIDString = 226CDA8B2A6D1789004F3A77;
			remoteInfo = SLSequence;
		};
		22799B1C2A8DA9540057C2C2 /* PBXContainerItemProxy */ = {
			isa = PBXContainerItemProxy;
			containerPortal = 226CDA682A6D1759004F3A77 /* Project object */;
			proxyType = 1;
			remoteGlobalIDString = 22799B102A8DA9540057C2C2;
			remoteInfo = SLHashSet;
		};
		22799B1E2A8DA9540057C2C2 /* PBXContainerItemProxy */ = {
			isa = PBXContainerItemProxy;
			containerPortal = 226CDA682A6D1759004F3A77 /* Project object */;
			proxyType = 1;
			remoteGlobalIDString = 226CDA6F2A6D1759004F3A77;
			remoteInfo = DataStructureJourney;
		};
		22799B242A8DA9540057C2C2 /* PBXContainerItemProxy */ = {
			isa = PBXContainerItemProxy;
			containerPortal = 226CDA682A6D1759004F3A77 /* Project object */;
			proxyType = 1;
			remoteGlobalIDString = 22799B102A8DA9540057C2C2;
			remoteInfo = SLHashSet;
		};
		2287A3622A76BB27004837F9 /* PBXContainerItemProxy */ = {
			isa = PBXContainerItemProxy;
			containerPortal = 226CDA682A6D1759004F3A77 /* Project object */;
			proxyType = 1;
			remoteGlobalIDString = 2287A3562A76BB27004837F9;
			remoteInfo = SLQueue;
		};
		2287A3642A76BB27004837F9 /* PBXContainerItemProxy */ = {
			isa = PBXContainerItemProxy;
			containerPortal = 226CDA682A6D1759004F3A77 /* Project object */;
			proxyType = 1;
			remoteGlobalIDString = 226CDA6F2A6D1759004F3A77;
			remoteInfo = DataStructureJourney;
		};
		2287A36A2A76BB27004837F9 /* PBXContainerItemProxy */ = {
			isa = PBXContainerItemProxy;
			containerPortal = 226CDA682A6D1759004F3A77 /* Project object */;
			proxyType = 1;
			remoteGlobalIDString = 2287A3562A76BB27004837F9;
			remoteInfo = SLQueue;
		};
/* End PBXContainerItemProxy section */

/* Begin PBXCopyFilesBuildPhase section */
		226CDAA62A6D178A004F3A77 /* Embed Frameworks */ = {
			isa = PBXCopyFilesBuildPhase;
			buildActionMask = 2147483647;
			dstPath = "";
			dstSubfolderSpec = 10;
			files = (
				22799B272A8DA9540057C2C2 /* SLHashSet.framework in Embed Frameworks */,
				226CDAA22A6D178A004F3A77 /* SLSequence.framework in Embed Frameworks */,
				2287A36D2A76BB27004837F9 /* SLQueue.framework in Embed Frameworks */,
			);
			name = "Embed Frameworks";
			runOnlyForDeploymentPostprocessing = 0;
		};
/* End PBXCopyFilesBuildPhase section */

/* Begin PBXFileReference section */
		223A6D1E2AD3E4F6007702F0 /* DataRace.swift */ = {isa = PBXFileReference; lastKnownFileType = sourcecode.swift; path = DataRace.swift; sourceTree = "<group>"; };
		226231B42A77CA6400BA2335 /* SLQueueWithArray.swift */ = {isa = PBXFileReference; lastKnownFileType = sourcecode.swift; path = SLQueueWithArray.swift; sourceTree = "<group>"; };
		226CDA702A6D1759004F3A77 /* DataStructureJourney.app */ = {isa = PBXFileReference; explicitFileType = wrapper.application; includeInIndex = 0; path = DataStructureJourney.app; sourceTree = BUILT_PRODUCTS_DIR; };
		226CDA732A6D1759004F3A77 /* AppDelegate.swift */ = {isa = PBXFileReference; lastKnownFileType = sourcecode.swift; path = AppDelegate.swift; sourceTree = "<group>"; };
		226CDA772A6D1759004F3A77 /* ViewController.swift */ = {isa = PBXFileReference; lastKnownFileType = sourcecode.swift; path = ViewController.swift; sourceTree = "<group>"; };
		226CDA7A2A6D1759004F3A77 /* Base */ = {isa = PBXFileReference; lastKnownFileType = file.storyboard; name = Base; path = Base.lproj/Main.storyboard; sourceTree = "<group>"; };
		226CDA7C2A6D175A004F3A77 /* Assets.xcassets */ = {isa = PBXFileReference; lastKnownFileType = folder.assetcatalog; path = Assets.xcassets; sourceTree = "<group>"; };
		226CDA7F2A6D175A004F3A77 /* Base */ = {isa = PBXFileReference; lastKnownFileType = file.storyboard; name = Base; path = Base.lproj/LaunchScreen.storyboard; sourceTree = "<group>"; };
		226CDA812A6D175A004F3A77 /* Info.plist */ = {isa = PBXFileReference; lastKnownFileType = text.plist.xml; path = Info.plist; sourceTree = "<group>"; };
		226CDA8C2A6D1789004F3A77 /* SLSequence.framework */ = {isa = PBXFileReference; explicitFileType = wrapper.framework; includeInIndex = 0; path = SLSequence.framework; sourceTree = BUILT_PRODUCTS_DIR; };
		226CDA8E2A6D1789004F3A77 /* SLSequence.h */ = {isa = PBXFileReference; lastKnownFileType = sourcecode.c.h; path = SLSequence.h; sourceTree = "<group>"; };
		226CDA8F2A6D1789004F3A77 /* SLSequence.docc */ = {isa = PBXFileReference; lastKnownFileType = folder.documentationcatalog; path = SLSequence.docc; sourceTree = "<group>"; };
		226CDA952A6D178A004F3A77 /* SLSequenceTests.xctest */ = {isa = PBXFileReference; explicitFileType = wrapper.cfbundle; includeInIndex = 0; path = SLSequenceTests.xctest; sourceTree = BUILT_PRODUCTS_DIR; };
		226CDA9C2A6D178A004F3A77 /* SLArrayTests.swift */ = {isa = PBXFileReference; lastKnownFileType = sourcecode.swift; path = SLArrayTests.swift; sourceTree = "<group>"; };
		226CDAAA2A6D17A7004F3A77 /* SLArray.swift */ = {isa = PBXFileReference; lastKnownFileType = sourcecode.swift; path = SLArray.swift; sourceTree = "<group>"; };
		22731FF12A90814A00640F41 /* SLHashMapTests.swift */ = {isa = PBXFileReference; lastKnownFileType = sourcecode.swift; path = SLHashMapTests.swift; sourceTree = "<group>"; };
		22799B112A8DA9540057C2C2 /* SLHashSet.framework */ = {isa = PBXFileReference; explicitFileType = wrapper.framework; includeInIndex = 0; path = SLHashSet.framework; sourceTree = BUILT_PRODUCTS_DIR; };
		22799B132A8DA9540057C2C2 /* SLHashSet.h */ = {isa = PBXFileReference; lastKnownFileType = sourcecode.c.h; path = SLHashSet.h; sourceTree = "<group>"; };
		22799B142A8DA9540057C2C2 /* SLHashSet.docc */ = {isa = PBXFileReference; lastKnownFileType = folder.documentationcatalog; path = SLHashSet.docc; sourceTree = "<group>"; };
		22799B1A2A8DA9540057C2C2 /* SLHashSetTests.xctest */ = {isa = PBXFileReference; explicitFileType = wrapper.cfbundle; includeInIndex = 0; path = SLHashSetTests.xctest; sourceTree = BUILT_PRODUCTS_DIR; };
		22799B212A8DA9540057C2C2 /* SLHashSetTests.swift */ = {isa = PBXFileReference; lastKnownFileType = sourcecode.swift; path = SLHashSetTests.swift; sourceTree = "<group>"; };
		22799B2E2A8DA99C0057C2C2 /* SLHashSet.swift */ = {isa = PBXFileReference; lastKnownFileType = sourcecode.swift; path = SLHashSet.swift; sourceTree = "<group>"; };
		227E65C72AB5662800C12A51 /* SLLinkedListTests.swift */ = {isa = PBXFileReference; lastKnownFileType = sourcecode.swift; path = SLLinkedListTests.swift; sourceTree = "<group>"; };
		227FFCBB2A8F14F000B800F7 /* SLHashMap.swift */ = {isa = PBXFileReference; lastKnownFileType = sourcecode.swift; path = SLHashMap.swift; sourceTree = "<group>"; };
		2284AB182AADB96800119CEF /* SLLinkedList.swift */ = {isa = PBXFileReference; lastKnownFileType = sourcecode.swift; path = SLLinkedList.swift; sourceTree = "<group>"; };
		2287A34D2A76BB1B004837F9 /* SLQueueWithLinkedList.swift */ = {isa = PBXFileReference; lastKnownFileType = sourcecode.swift; path = SLQueueWithLinkedList.swift; sourceTree = "<group>"; };
		2287A3572A76BB27004837F9 /* SLQueue.framework */ = {isa = PBXFileReference; explicitFileType = wrapper.framework; includeInIndex = 0; path = SLQueue.framework; sourceTree = BUILT_PRODUCTS_DIR; };
		2287A3592A76BB27004837F9 /* SLQueue.h */ = {isa = PBXFileReference; lastKnownFileType = sourcecode.c.h; path = SLQueue.h; sourceTree = "<group>"; };
		2287A35A2A76BB27004837F9 /* SLQueue.docc */ = {isa = PBXFileReference; lastKnownFileType = folder.documentationcatalog; path = SLQueue.docc; sourceTree = "<group>"; };
		2287A3602A76BB27004837F9 /* SLQueueTests.xctest */ = {isa = PBXFileReference; explicitFileType = wrapper.cfbundle; includeInIndex = 0; path = SLQueueTests.xctest; sourceTree = BUILT_PRODUCTS_DIR; };
		2287A3672A76BB27004837F9 /* SLQueueTestsWithLinkedList.swift */ = {isa = PBXFileReference; lastKnownFileType = sourcecode.swift; path = SLQueueTestsWithLinkedList.swift; sourceTree = "<group>"; };
		22F2E7492ACE669000EF3574 /* WrapCSortAPI.swift */ = {isa = PBXFileReference; lastKnownFileType = sourcecode.swift; path = WrapCSortAPI.swift; sourceTree = "<group>"; };
/* End PBXFileReference section */

/* Begin PBXFrameworksBuildPhase section */
		226CDA6D2A6D1759004F3A77 /* Frameworks */ = {
			isa = PBXFrameworksBuildPhase;
			buildActionMask = 2147483647;
			files = (
				22799B262A8DA9540057C2C2 /* SLHashSet.framework in Frameworks */,
				226CDAA12A6D178A004F3A77 /* SLSequence.framework in Frameworks */,
				2287A36C2A76BB27004837F9 /* SLQueue.framework in Frameworks */,
			);
			runOnlyForDeploymentPostprocessing = 0;
		};
		226CDA892A6D1789004F3A77 /* Frameworks */ = {
			isa = PBXFrameworksBuildPhase;
			buildActionMask = 2147483647;
			files = (
			);
			runOnlyForDeploymentPostprocessing = 0;
		};
		226CDA922A6D178A004F3A77 /* Frameworks */ = {
			isa = PBXFrameworksBuildPhase;
			buildActionMask = 2147483647;
			files = (
				226CDA962A6D178A004F3A77 /* SLSequence.framework in Frameworks */,
			);
			runOnlyForDeploymentPostprocessing = 0;
		};
		22799B0E2A8DA9540057C2C2 /* Frameworks */ = {
			isa = PBXFrameworksBuildPhase;
			buildActionMask = 2147483647;
			files = (
			);
			runOnlyForDeploymentPostprocessing = 0;
		};
		22799B172A8DA9540057C2C2 /* Frameworks */ = {
			isa = PBXFrameworksBuildPhase;
			buildActionMask = 2147483647;
			files = (
				22799B1B2A8DA9540057C2C2 /* SLHashSet.framework in Frameworks */,
			);
			runOnlyForDeploymentPostprocessing = 0;
		};
		2287A3542A76BB27004837F9 /* Frameworks */ = {
			isa = PBXFrameworksBuildPhase;
			buildActionMask = 2147483647;
			files = (
			);
			runOnlyForDeploymentPostprocessing = 0;
		};
		2287A35D2A76BB27004837F9 /* Frameworks */ = {
			isa = PBXFrameworksBuildPhase;
			buildActionMask = 2147483647;
			files = (
				2287A3612A76BB27004837F9 /* SLQueue.framework in Frameworks */,
			);
			runOnlyForDeploymentPostprocessing = 0;
		};
/* End PBXFrameworksBuildPhase section */

/* Begin PBXGroup section */
		226CDA672A6D1759004F3A77 = {
			isa = PBXGroup;
			children = (
				226CDA722A6D1759004F3A77 /* DataStructureJourney */,
				226CDA8D2A6D1789004F3A77 /* SLSequence */,
				226CDA9B2A6D178A004F3A77 /* SLSequenceTests */,
				2287A3582A76BB27004837F9 /* SLQueue */,
				2287A3662A76BB27004837F9 /* SLQueueTests */,
				22799B122A8DA9540057C2C2 /* SLHashSet */,
				22799B202A8DA9540057C2C2 /* SLHashSetTests */,
				226CDA712A6D1759004F3A77 /* Products */,
			);
			sourceTree = "<group>";
		};
		226CDA712A6D1759004F3A77 /* Products */ = {
			isa = PBXGroup;
			children = (
				226CDA702A6D1759004F3A77 /* DataStructureJourney.app */,
				226CDA8C2A6D1789004F3A77 /* SLSequence.framework */,
				226CDA952A6D178A004F3A77 /* SLSequenceTests.xctest */,
				2287A3572A76BB27004837F9 /* SLQueue.framework */,
				2287A3602A76BB27004837F9 /* SLQueueTests.xctest */,
				22799B112A8DA9540057C2C2 /* SLHashSet.framework */,
				22799B1A2A8DA9540057C2C2 /* SLHashSetTests.xctest */,
			);
			name = Products;
			sourceTree = "<group>";
		};
		226CDA722A6D1759004F3A77 /* DataStructureJourney */ = {
			isa = PBXGroup;
			children = (
				226CDA732A6D1759004F3A77 /* AppDelegate.swift */,
				226CDA772A6D1759004F3A77 /* ViewController.swift */,
				223A6D1E2AD3E4F6007702F0 /* DataRace.swift */,
				226CDA792A6D1759004F3A77 /* Main.storyboard */,
				226CDA7C2A6D175A004F3A77 /* Assets.xcassets */,
				226CDA7E2A6D175A004F3A77 /* LaunchScreen.storyboard */,
				226CDA812A6D175A004F3A77 /* Info.plist */,
				22F2E7492ACE669000EF3574 /* WrapCSortAPI.swift */,
			);
			path = DataStructureJourney;
			sourceTree = "<group>";
		};
		226CDA8D2A6D1789004F3A77 /* SLSequence */ = {
			isa = PBXGroup;
			children = (
				226CDAAA2A6D17A7004F3A77 /* SLArray.swift */,
				2284AB182AADB96800119CEF /* SLLinkedList.swift */,
				226CDA8E2A6D1789004F3A77 /* SLSequence.h */,
				226CDA8F2A6D1789004F3A77 /* SLSequence.docc */,
			);
			path = SLSequence;
			sourceTree = "<group>";
		};
		226CDA9B2A6D178A004F3A77 /* SLSequenceTests */ = {
			isa = PBXGroup;
			children = (
				226CDA9C2A6D178A004F3A77 /* SLArrayTests.swift */,
				227E65C72AB5662800C12A51 /* SLLinkedListTests.swift */,
			);
			path = SLSequenceTests;
			sourceTree = "<group>";
		};
		22799B122A8DA9540057C2C2 /* SLHashSet */ = {
			isa = PBXGroup;
			children = (
				22799B2E2A8DA99C0057C2C2 /* SLHashSet.swift */,
				227FFCBB2A8F14F000B800F7 /* SLHashMap.swift */,
				22799B132A8DA9540057C2C2 /* SLHashSet.h */,
				22799B142A8DA9540057C2C2 /* SLHashSet.docc */,
			);
			path = SLHashSet;
			sourceTree = "<group>";
		};
		22799B202A8DA9540057C2C2 /* SLHashSetTests */ = {
			isa = PBXGroup;
			children = (
				22799B212A8DA9540057C2C2 /* SLHashSetTests.swift */,
				22731FF12A90814A00640F41 /* SLHashMapTests.swift */,
			);
			path = SLHashSetTests;
			sourceTree = "<group>";
		};
		2287A3582A76BB27004837F9 /* SLQueue */ = {
			isa = PBXGroup;
			children = (
				2287A34D2A76BB1B004837F9 /* SLQueueWithLinkedList.swift */,
				226231B42A77CA6400BA2335 /* SLQueueWithArray.swift */,
				2287A3592A76BB27004837F9 /* SLQueue.h */,
				2287A35A2A76BB27004837F9 /* SLQueue.docc */,
			);
			path = SLQueue;
			sourceTree = "<group>";
		};
		2287A3662A76BB27004837F9 /* SLQueueTests */ = {
			isa = PBXGroup;
			children = (
				2287A3672A76BB27004837F9 /* SLQueueTestsWithLinkedList.swift */,
			);
			path = SLQueueTests;
			sourceTree = "<group>";
		};
/* End PBXGroup section */

/* Begin PBXHeadersBuildPhase section */
		226CDA872A6D1789004F3A77 /* Headers */ = {
			isa = PBXHeadersBuildPhase;
			buildActionMask = 2147483647;
			files = (
				226CDA9E2A6D178A004F3A77 /* SLSequence.h in Headers */,
			);
			runOnlyForDeploymentPostprocessing = 0;
		};
		22799B0C2A8DA9540057C2C2 /* Headers */ = {
			isa = PBXHeadersBuildPhase;
			buildActionMask = 2147483647;
			files = (
				22799B232A8DA9540057C2C2 /* SLHashSet.h in Headers */,
			);
			runOnlyForDeploymentPostprocessing = 0;
		};
		2287A3522A76BB27004837F9 /* Headers */ = {
			isa = PBXHeadersBuildPhase;
			buildActionMask = 2147483647;
			files = (
				2287A3692A76BB27004837F9 /* SLQueue.h in Headers */,
			);
			runOnlyForDeploymentPostprocessing = 0;
		};
/* End PBXHeadersBuildPhase section */

/* Begin PBXNativeTarget section */
		226CDA6F2A6D1759004F3A77 /* DataStructureJourney */ = {
			isa = PBXNativeTarget;
			buildConfigurationList = 226CDA842A6D175A004F3A77 /* Build configuration list for PBXNativeTarget "DataStructureJourney" */;
			buildPhases = (
				226CDA6C2A6D1759004F3A77 /* Sources */,
				226CDA6D2A6D1759004F3A77 /* Frameworks */,
				226CDA6E2A6D1759004F3A77 /* Resources */,
				226CDAA62A6D178A004F3A77 /* Embed Frameworks */,
			);
			buildRules = (
			);
			dependencies = (
				226CDAA02A6D178A004F3A77 /* PBXTargetDependency */,
				2287A36B2A76BB27004837F9 /* PBXTargetDependency */,
				22799B252A8DA9540057C2C2 /* PBXTargetDependency */,
			);
			name = DataStructureJourney;
			productName = DataStructureJourney;
			productReference = 226CDA702A6D1759004F3A77 /* DataStructureJourney.app */;
			productType = "com.apple.product-type.application";
		};
		226CDA8B2A6D1789004F3A77 /* SLSequence */ = {
			isa = PBXNativeTarget;
			buildConfigurationList = 226CDAA32A6D178A004F3A77 /* Build configuration list for PBXNativeTarget "SLSequence" */;
			buildPhases = (
				226CDA872A6D1789004F3A77 /* Headers */,
				226CDA882A6D1789004F3A77 /* Sources */,
				226CDA892A6D1789004F3A77 /* Frameworks */,
				226CDA8A2A6D1789004F3A77 /* Resources */,
			);
			buildRules = (
			);
			dependencies = (
			);
			name = SLSequence;
			productName = SLSequence;
			productReference = 226CDA8C2A6D1789004F3A77 /* SLSequence.framework */;
			productType = "com.apple.product-type.framework";
		};
		226CDA942A6D178A004F3A77 /* SLSequenceTests */ = {
			isa = PBXNativeTarget;
			buildConfigurationList = 226CDAA72A6D178A004F3A77 /* Build configuration list for PBXNativeTarget "SLSequenceTests" */;
			buildPhases = (
				226CDA912A6D178A004F3A77 /* Sources */,
				226CDA922A6D178A004F3A77 /* Frameworks */,
				226CDA932A6D178A004F3A77 /* Resources */,
			);
			buildRules = (
			);
			dependencies = (
				226CDA982A6D178A004F3A77 /* PBXTargetDependency */,
				226CDA9A2A6D178A004F3A77 /* PBXTargetDependency */,
			);
			name = SLSequenceTests;
			productName = SLSequenceTests;
			productReference = 226CDA952A6D178A004F3A77 /* SLSequenceTests.xctest */;
			productType = "com.apple.product-type.bundle.unit-test";
		};
		22799B102A8DA9540057C2C2 /* SLHashSet */ = {
			isa = PBXNativeTarget;
			buildConfigurationList = 22799B2C2A8DA9550057C2C2 /* Build configuration list for PBXNativeTarget "SLHashSet" */;
			buildPhases = (
				22799B0C2A8DA9540057C2C2 /* Headers */,
				22799B0D2A8DA9540057C2C2 /* Sources */,
				22799B0E2A8DA9540057C2C2 /* Frameworks */,
				22799B0F2A8DA9540057C2C2 /* Resources */,
			);
			buildRules = (
			);
			dependencies = (
			);
			name = SLHashSet;
			productName = SLHashSet;
			productReference = 22799B112A8DA9540057C2C2 /* SLHashSet.framework */;
			productType = "com.apple.product-type.framework";
		};
		22799B192A8DA9540057C2C2 /* SLHashSetTests */ = {
			isa = PBXNativeTarget;
			buildConfigurationList = 22799B2D2A8DA9550057C2C2 /* Build configuration list for PBXNativeTarget "SLHashSetTests" */;
			buildPhases = (
				22799B162A8DA9540057C2C2 /* Sources */,
				22799B172A8DA9540057C2C2 /* Frameworks */,
				22799B182A8DA9540057C2C2 /* Resources */,
			);
			buildRules = (
			);
			dependencies = (
				22799B1D2A8DA9540057C2C2 /* PBXTargetDependency */,
				22799B1F2A8DA9540057C2C2 /* PBXTargetDependency */,
			);
			name = SLHashSetTests;
			productName = SLHashSetTests;
			productReference = 22799B1A2A8DA9540057C2C2 /* SLHashSetTests.xctest */;
			productType = "com.apple.product-type.bundle.unit-test";
		};
		2287A3562A76BB27004837F9 /* SLQueue */ = {
			isa = PBXNativeTarget;
			buildConfigurationList = 2287A36E2A76BB27004837F9 /* Build configuration list for PBXNativeTarget "SLQueue" */;
			buildPhases = (
				2287A3522A76BB27004837F9 /* Headers */,
				2287A3532A76BB27004837F9 /* Sources */,
				2287A3542A76BB27004837F9 /* Frameworks */,
				2287A3552A76BB27004837F9 /* Resources */,
			);
			buildRules = (
			);
			dependencies = (
			);
			name = SLQueue;
			productName = SLQueue;
			productReference = 2287A3572A76BB27004837F9 /* SLQueue.framework */;
			productType = "com.apple.product-type.framework";
		};
		2287A35F2A76BB27004837F9 /* SLQueueTests */ = {
			isa = PBXNativeTarget;
			buildConfigurationList = 2287A3712A76BB27004837F9 /* Build configuration list for PBXNativeTarget "SLQueueTests" */;
			buildPhases = (
				2287A35C2A76BB27004837F9 /* Sources */,
				2287A35D2A76BB27004837F9 /* Frameworks */,
				2287A35E2A76BB27004837F9 /* Resources */,
			);
			buildRules = (
			);
			dependencies = (
				2287A3632A76BB27004837F9 /* PBXTargetDependency */,
				2287A3652A76BB27004837F9 /* PBXTargetDependency */,
			);
			name = SLQueueTests;
			productName = SLQueueTests;
			productReference = 2287A3602A76BB27004837F9 /* SLQueueTests.xctest */;
			productType = "com.apple.product-type.bundle.unit-test";
		};
/* End PBXNativeTarget section */

/* Begin PBXProject section */
		226CDA682A6D1759004F3A77 /* Project object */ = {
			isa = PBXProject;
			attributes = {
				BuildIndependentTargetsInParallel = 1;
				LastSwiftUpdateCheck = 1500;
				LastUpgradeCheck = 1420;
				TargetAttributes = {
					226CDA6F2A6D1759004F3A77 = {
						CreatedOnToolsVersion = 14.2;
					};
					226CDA8B2A6D1789004F3A77 = {
						CreatedOnToolsVersion = 14.2;
					};
					226CDA942A6D178A004F3A77 = {
						CreatedOnToolsVersion = 14.2;
						TestTargetID = 226CDA6F2A6D1759004F3A77;
					};
					22799B102A8DA9540057C2C2 = {
						CreatedOnToolsVersion = 15.0;
					};
					22799B192A8DA9540057C2C2 = {
						CreatedOnToolsVersion = 15.0;
						TestTargetID = 226CDA6F2A6D1759004F3A77;
					};
					2287A3562A76BB27004837F9 = {
						CreatedOnToolsVersion = 14.0;
					};
					2287A35F2A76BB27004837F9 = {
						CreatedOnToolsVersion = 14.0;
						TestTargetID = 226CDA6F2A6D1759004F3A77;
					};
				};
			};
			buildConfigurationList = 226CDA6B2A6D1759004F3A77 /* Build configuration list for PBXProject "DataStructureJourney" */;
			compatibilityVersion = "Xcode 14.0";
			developmentRegion = en;
			hasScannedForEncodings = 0;
			knownRegions = (
				en,
				Base,
			);
			mainGroup = 226CDA672A6D1759004F3A77;
			productRefGroup = 226CDA712A6D1759004F3A77 /* Products */;
			projectDirPath = "";
			projectRoot = "";
			targets = (
				226CDA6F2A6D1759004F3A77 /* DataStructureJourney */,
				226CDA8B2A6D1789004F3A77 /* SLSequence */,
				226CDA942A6D178A004F3A77 /* SLSequenceTests */,
				2287A3562A76BB27004837F9 /* SLQueue */,
				2287A35F2A76BB27004837F9 /* SLQueueTests */,
				22799B102A8DA9540057C2C2 /* SLHashSet */,
				22799B192A8DA9540057C2C2 /* SLHashSetTests */,
			);
		};
/* End PBXProject section */

/* Begin PBXResourcesBuildPhase section */
		226CDA6E2A6D1759004F3A77 /* Resources */ = {
			isa = PBXResourcesBuildPhase;
			buildActionMask = 2147483647;
			files = (
				226CDA802A6D175A004F3A77 /* LaunchScreen.storyboard in Resources */,
				226CDA7D2A6D175A004F3A77 /* Assets.xcassets in Resources */,
				226CDA7B2A6D1759004F3A77 /* Main.storyboard in Resources */,
			);
			runOnlyForDeploymentPostprocessing = 0;
		};
		226CDA8A2A6D1789004F3A77 /* Resources */ = {
			isa = PBXResourcesBuildPhase;
			buildActionMask = 2147483647;
			files = (
			);
			runOnlyForDeploymentPostprocessing = 0;
		};
		226CDA932A6D178A004F3A77 /* Resources */ = {
			isa = PBXResourcesBuildPhase;
			buildActionMask = 2147483647;
			files = (
			);
			runOnlyForDeploymentPostprocessing = 0;
		};
		22799B0F2A8DA9540057C2C2 /* Resources */ = {
			isa = PBXResourcesBuildPhase;
			buildActionMask = 2147483647;
			files = (
			);
			runOnlyForDeploymentPostprocessing = 0;
		};
		22799B182A8DA9540057C2C2 /* Resources */ = {
			isa = PBXResourcesBuildPhase;
			buildActionMask = 2147483647;
			files = (
			);
			runOnlyForDeploymentPostprocessing = 0;
		};
		2287A3552A76BB27004837F9 /* Resources */ = {
			isa = PBXResourcesBuildPhase;
			buildActionMask = 2147483647;
			files = (
			);
			runOnlyForDeploymentPostprocessing = 0;
		};
		2287A35E2A76BB27004837F9 /* Resources */ = {
			isa = PBXResourcesBuildPhase;
			buildActionMask = 2147483647;
			files = (
			);
			runOnlyForDeploymentPostprocessing = 0;
		};
/* End PBXResourcesBuildPhase section */

/* Begin PBXSourcesBuildPhase section */
		226CDA6C2A6D1759004F3A77 /* Sources */ = {
			isa = PBXSourcesBuildPhase;
			buildActionMask = 2147483647;
			files = (
				22F2E74A2ACE669000EF3574 /* WrapCSortAPI.swift in Sources */,
				226CDA782A6D1759004F3A77 /* ViewController.swift in Sources */,
				223A6D1F2AD3E4F6007702F0 /* DataRace.swift in Sources */,
				226CDA742A6D1759004F3A77 /* AppDelegate.swift in Sources */,
			);
			runOnlyForDeploymentPostprocessing = 0;
		};
		226CDA882A6D1789004F3A77 /* Sources */ = {
			isa = PBXSourcesBuildPhase;
			buildActionMask = 2147483647;
			files = (
				226CDAAB2A6D17A7004F3A77 /* SLArray.swift in Sources */,
				2284AB192AADB96800119CEF /* SLLinkedList.swift in Sources */,
				226CDA902A6D1789004F3A77 /* SLSequence.docc in Sources */,
			);
			runOnlyForDeploymentPostprocessing = 0;
		};
		226CDA912A6D178A004F3A77 /* Sources */ = {
			isa = PBXSourcesBuildPhase;
			buildActionMask = 2147483647;
			files = (
				226CDA9D2A6D178A004F3A77 /* SLArrayTests.swift in Sources */,
				227E65C82AB5662800C12A51 /* SLLinkedListTests.swift in Sources */,
			);
			runOnlyForDeploymentPostprocessing = 0;
		};
		22799B0D2A8DA9540057C2C2 /* Sources */ = {
			isa = PBXSourcesBuildPhase;
			buildActionMask = 2147483647;
			files = (
				22799B152A8DA9540057C2C2 /* SLHashSet.docc in Sources */,
				227FFCBC2A8F14F000B800F7 /* SLHashMap.swift in Sources */,
				22799B2F2A8DA99C0057C2C2 /* SLHashSet.swift in Sources */,
			);
			runOnlyForDeploymentPostprocessing = 0;
		};
		22799B162A8DA9540057C2C2 /* Sources */ = {
			isa = PBXSourcesBuildPhase;
			buildActionMask = 2147483647;
			files = (
				22799B222A8DA9540057C2C2 /* SLHashSetTests.swift in Sources */,
				22731FF22A90814A00640F41 /* SLHashMapTests.swift in Sources */,
			);
			runOnlyForDeploymentPostprocessing = 0;
		};
		2287A3532A76BB27004837F9 /* Sources */ = {
			isa = PBXSourcesBuildPhase;
			buildActionMask = 2147483647;
			files = (
				2287A35B2A76BB27004837F9 /* SLQueue.docc in Sources */,
				2287A3742A76BB99004837F9 /* SLQueueWithLinkedList.swift in Sources */,
				226231B52A77CA6400BA2335 /* SLQueueWithArray.swift in Sources */,
			);
			runOnlyForDeploymentPostprocessing = 0;
		};
		2287A35C2A76BB27004837F9 /* Sources */ = {
			isa = PBXSourcesBuildPhase;
			buildActionMask = 2147483647;
			files = (
				2287A3682A76BB27004837F9 /* SLQueueTestsWithLinkedList.swift in Sources */,
			);
			runOnlyForDeploymentPostprocessing = 0;
		};
/* End PBXSourcesBuildPhase section */

/* Begin PBXTargetDependency section */
		226CDA982A6D178A004F3A77 /* PBXTargetDependency */ = {
			isa = PBXTargetDependency;
			target = 226CDA8B2A6D1789004F3A77 /* SLSequence */;
			targetProxy = 226CDA972A6D178A004F3A77 /* PBXContainerItemProxy */;
		};
		226CDA9A2A6D178A004F3A77 /* PBXTargetDependency */ = {
			isa = PBXTargetDependency;
			target = 226CDA6F2A6D1759004F3A77 /* DataStructureJourney */;
			targetProxy = 226CDA992A6D178A004F3A77 /* PBXContainerItemProxy */;
		};
		226CDAA02A6D178A004F3A77 /* PBXTargetDependency */ = {
			isa = PBXTargetDependency;
			target = 226CDA8B2A6D1789004F3A77 /* SLSequence */;
			targetProxy = 226CDA9F2A6D178A004F3A77 /* PBXContainerItemProxy */;
		};
		22799B1D2A8DA9540057C2C2 /* PBXTargetDependency */ = {
			isa = PBXTargetDependency;
			target = 22799B102A8DA9540057C2C2 /* SLHashSet */;
			targetProxy = 22799B1C2A8DA9540057C2C2 /* PBXContainerItemProxy */;
		};
		22799B1F2A8DA9540057C2C2 /* PBXTargetDependency */ = {
			isa = PBXTargetDependency;
			target = 226CDA6F2A6D1759004F3A77 /* DataStructureJourney */;
			targetProxy = 22799B1E2A8DA9540057C2C2 /* PBXContainerItemProxy */;
		};
		22799B252A8DA9540057C2C2 /* PBXTargetDependency */ = {
			isa = PBXTargetDependency;
			target = 22799B102A8DA9540057C2C2 /* SLHashSet */;
			targetProxy = 22799B242A8DA9540057C2C2 /* PBXContainerItemProxy */;
		};
		2287A3632A76BB27004837F9 /* PBXTargetDependency */ = {
			isa = PBXTargetDependency;
			target = 2287A3562A76BB27004837F9 /* SLQueue */;
			targetProxy = 2287A3622A76BB27004837F9 /* PBXContainerItemProxy */;
		};
		2287A3652A76BB27004837F9 /* PBXTargetDependency */ = {
			isa = PBXTargetDependency;
			target = 226CDA6F2A6D1759004F3A77 /* DataStructureJourney */;
			targetProxy = 2287A3642A76BB27004837F9 /* PBXContainerItemProxy */;
		};
		2287A36B2A76BB27004837F9 /* PBXTargetDependency */ = {
			isa = PBXTargetDependency;
			target = 2287A3562A76BB27004837F9 /* SLQueue */;
			targetProxy = 2287A36A2A76BB27004837F9 /* PBXContainerItemProxy */;
		};
/* End PBXTargetDependency section */

/* Begin PBXVariantGroup section */
		226CDA792A6D1759004F3A77 /* Main.storyboard */ = {
			isa = PBXVariantGroup;
			children = (
				226CDA7A2A6D1759004F3A77 /* Base */,
			);
			name = Main.storyboard;
			sourceTree = "<group>";
		};
		226CDA7E2A6D175A004F3A77 /* LaunchScreen.storyboard */ = {
			isa = PBXVariantGroup;
			children = (
				226CDA7F2A6D175A004F3A77 /* Base */,
			);
			name = LaunchScreen.storyboard;
			sourceTree = "<group>";
		};
/* End PBXVariantGroup section */

/* Begin XCBuildConfiguration section */
		226CDA822A6D175A004F3A77 /* Debug */ = {
			isa = XCBuildConfiguration;
			buildSettings = {
				ALWAYS_SEARCH_USER_PATHS = NO;
				CLANG_ANALYZER_NONNULL = YES;
				CLANG_ANALYZER_NUMBER_OBJECT_CONVERSION = YES_AGGRESSIVE;
				CLANG_CXX_LANGUAGE_STANDARD = "gnu++20";
				CLANG_ENABLE_MODULES = YES;
				CLANG_ENABLE_OBJC_ARC = YES;
				CLANG_ENABLE_OBJC_WEAK = YES;
				CLANG_WARN_BLOCK_CAPTURE_AUTORELEASING = YES;
				CLANG_WARN_BOOL_CONVERSION = YES;
				CLANG_WARN_COMMA = YES;
				CLANG_WARN_CONSTANT_CONVERSION = YES;
				CLANG_WARN_DEPRECATED_OBJC_IMPLEMENTATIONS = YES;
				CLANG_WARN_DIRECT_OBJC_ISA_USAGE = YES_ERROR;
				CLANG_WARN_DOCUMENTATION_COMMENTS = YES;
				CLANG_WARN_EMPTY_BODY = YES;
				CLANG_WARN_ENUM_CONVERSION = YES;
				CLANG_WARN_INFINITE_RECURSION = YES;
				CLANG_WARN_INT_CONVERSION = YES;
				CLANG_WARN_NON_LITERAL_NULL_CONVERSION = YES;
				CLANG_WARN_OBJC_IMPLICIT_RETAIN_SELF = YES;
				CLANG_WARN_OBJC_LITERAL_CONVERSION = YES;
				CLANG_WARN_OBJC_ROOT_CLASS = YES_ERROR;
				CLANG_WARN_QUOTED_INCLUDE_IN_FRAMEWORK_HEADER = YES;
				CLANG_WARN_RANGE_LOOP_ANALYSIS = YES;
				CLANG_WARN_STRICT_PROTOTYPES = YES;
				CLANG_WARN_SUSPICIOUS_MOVE = YES;
				CLANG_WARN_UNGUARDED_AVAILABILITY = YES_AGGRESSIVE;
				CLANG_WARN_UNREACHABLE_CODE = YES;
				CLANG_WARN__DUPLICATE_METHOD_MATCH = YES;
				COPY_PHASE_STRIP = NO;
				DEBUG_INFORMATION_FORMAT = dwarf;
				ENABLE_STRICT_OBJC_MSGSEND = YES;
				ENABLE_TESTABILITY = YES;
				GCC_C_LANGUAGE_STANDARD = gnu11;
				GCC_DYNAMIC_NO_PIC = NO;
				GCC_NO_COMMON_BLOCKS = YES;
				GCC_OPTIMIZATION_LEVEL = 0;
				GCC_PREPROCESSOR_DEFINITIONS = (
					"DEBUG=1",
					"$(inherited)",
				);
				GCC_WARN_64_TO_32_BIT_CONVERSION = YES;
				GCC_WARN_ABOUT_RETURN_TYPE = YES_ERROR;
				GCC_WARN_UNDECLARED_SELECTOR = YES;
				GCC_WARN_UNINITIALIZED_AUTOS = YES_AGGRESSIVE;
				GCC_WARN_UNUSED_FUNCTION = YES;
				GCC_WARN_UNUSED_VARIABLE = YES;
				IPHONEOS_DEPLOYMENT_TARGET = 16.0;
				MTL_ENABLE_DEBUG_INFO = INCLUDE_SOURCE;
				MTL_FAST_MATH = YES;
				ONLY_ACTIVE_ARCH = YES;
				SDKROOT = iphoneos;
				SWIFT_ACTIVE_COMPILATION_CONDITIONS = DEBUG;
				SWIFT_OPTIMIZATION_LEVEL = "-Onone";
			};
			name = Debug;
		};
		226CDA832A6D175A004F3A77 /* Release */ = {
			isa = XCBuildConfiguration;
			buildSettings = {
				ALWAYS_SEARCH_USER_PATHS = NO;
				CLANG_ANALYZER_NONNULL = YES;
				CLANG_ANALYZER_NUMBER_OBJECT_CONVERSION = YES_AGGRESSIVE;
				CLANG_CXX_LANGUAGE_STANDARD = "gnu++20";
				CLANG_ENABLE_MODULES = YES;
				CLANG_ENABLE_OBJC_ARC = YES;
				CLANG_ENABLE_OBJC_WEAK = YES;
				CLANG_WARN_BLOCK_CAPTURE_AUTORELEASING = YES;
				CLANG_WARN_BOOL_CONVERSION = YES;
				CLANG_WARN_COMMA = YES;
				CLANG_WARN_CONSTANT_CONVERSION = YES;
				CLANG_WARN_DEPRECATED_OBJC_IMPLEMENTATIONS = YES;
				CLANG_WARN_DIRECT_OBJC_ISA_USAGE = YES_ERROR;
				CLANG_WARN_DOCUMENTATION_COMMENTS = YES;
				CLANG_WARN_EMPTY_BODY = YES;
				CLANG_WARN_ENUM_CONVERSION = YES;
				CLANG_WARN_INFINITE_RECURSION = YES;
				CLANG_WARN_INT_CONVERSION = YES;
				CLANG_WARN_NON_LITERAL_NULL_CONVERSION = YES;
				CLANG_WARN_OBJC_IMPLICIT_RETAIN_SELF = YES;
				CLANG_WARN_OBJC_LITERAL_CONVERSION = YES;
				CLANG_WARN_OBJC_ROOT_CLASS = YES_ERROR;
				CLANG_WARN_QUOTED_INCLUDE_IN_FRAMEWORK_HEADER = YES;
				CLANG_WARN_RANGE_LOOP_ANALYSIS = YES;
				CLANG_WARN_STRICT_PROTOTYPES = YES;
				CLANG_WARN_SUSPICIOUS_MOVE = YES;
				CLANG_WARN_UNGUARDED_AVAILABILITY = YES_AGGRESSIVE;
				CLANG_WARN_UNREACHABLE_CODE = YES;
				CLANG_WARN__DUPLICATE_METHOD_MATCH = YES;
				COPY_PHASE_STRIP = NO;
				DEBUG_INFORMATION_FORMAT = "dwarf-with-dsym";
				ENABLE_NS_ASSERTIONS = NO;
				ENABLE_STRICT_OBJC_MSGSEND = YES;
				GCC_C_LANGUAGE_STANDARD = gnu11;
				GCC_NO_COMMON_BLOCKS = YES;
				GCC_WARN_64_TO_32_BIT_CONVERSION = YES;
				GCC_WARN_ABOUT_RETURN_TYPE = YES_ERROR;
				GCC_WARN_UNDECLARED_SELECTOR = YES;
				GCC_WARN_UNINITIALIZED_AUTOS = YES_AGGRESSIVE;
				GCC_WARN_UNUSED_FUNCTION = YES;
				GCC_WARN_UNUSED_VARIABLE = YES;
				IPHONEOS_DEPLOYMENT_TARGET = 16.0;
				MTL_ENABLE_DEBUG_INFO = NO;
				MTL_FAST_MATH = YES;
				SDKROOT = iphoneos;
				SWIFT_COMPILATION_MODE = wholemodule;
				SWIFT_OPTIMIZATION_LEVEL = "-O";
				VALIDATE_PRODUCT = YES;
			};
			name = Release;
		};
		226CDA852A6D175A004F3A77 /* Debug */ = {
			isa = XCBuildConfiguration;
			buildSettings = {
				ALWAYS_EMBED_SWIFT_STANDARD_LIBRARIES = YES;
				ASSETCATALOG_COMPILER_APPICON_NAME = AppIcon;
				ASSETCATALOG_COMPILER_GLOBAL_ACCENT_COLOR_NAME = AccentColor;
				CODE_SIGN_STYLE = Automatic;
				CURRENT_PROJECT_VERSION = 1;
				GENERATE_INFOPLIST_FILE = YES;
				INFOPLIST_FILE = DataStructureJourney/Info.plist;
				INFOPLIST_KEY_UIApplicationSupportsIndirectInputEvents = YES;
				INFOPLIST_KEY_UILaunchStoryboardName = LaunchScreen;
				INFOPLIST_KEY_UIMainStoryboardFile = Main;
				INFOPLIST_KEY_UISupportedInterfaceOrientations_iPad = "UIInterfaceOrientationPortrait UIInterfaceOrientationPortraitUpsideDown UIInterfaceOrientationLandscapeLeft UIInterfaceOrientationLandscapeRight";
				INFOPLIST_KEY_UISupportedInterfaceOrientations_iPhone = "UIInterfaceOrientationPortrait UIInterfaceOrientationLandscapeLeft UIInterfaceOrientationLandscapeRight";
				LD_RUNPATH_SEARCH_PATHS = (
					"$(inherited)",
					"@executable_path/Frameworks",
				);
				MARKETING_VERSION = 1.0;
				PRODUCT_BUNDLE_IDENTIFIER = com.sldatastructure.DataStructureJourney;
				PRODUCT_NAME = "$(TARGET_NAME)";
				SWIFT_EMIT_LOC_STRINGS = YES;
				SWIFT_VERSION = 5.0;
				TARGETED_DEVICE_FAMILY = "1,2";
			};
			name = Debug;
		};
		226CDA862A6D175A004F3A77 /* Release */ = {
			isa = XCBuildConfiguration;
			buildSettings = {
				ALWAYS_EMBED_SWIFT_STANDARD_LIBRARIES = YES;
				ASSETCATALOG_COMPILER_APPICON_NAME = AppIcon;
				ASSETCATALOG_COMPILER_GLOBAL_ACCENT_COLOR_NAME = AccentColor;
				CODE_SIGN_STYLE = Automatic;
				CURRENT_PROJECT_VERSION = 1;
				GENERATE_INFOPLIST_FILE = YES;
				INFOPLIST_FILE = DataStructureJourney/Info.plist;
				INFOPLIST_KEY_UIApplicationSupportsIndirectInputEvents = YES;
				INFOPLIST_KEY_UILaunchStoryboardName = LaunchScreen;
				INFOPLIST_KEY_UIMainStoryboardFile = Main;
				INFOPLIST_KEY_UISupportedInterfaceOrientations_iPad = "UIInterfaceOrientationPortrait UIInterfaceOrientationPortraitUpsideDown UIInterfaceOrientationLandscapeLeft UIInterfaceOrientationLandscapeRight";
				INFOPLIST_KEY_UISupportedInterfaceOrientations_iPhone = "UIInterfaceOrientationPortrait UIInterfaceOrientationLandscapeLeft UIInterfaceOrientationLandscapeRight";
				LD_RUNPATH_SEARCH_PATHS = (
					"$(inherited)",
					"@executable_path/Frameworks",
				);
				MARKETING_VERSION = 1.0;
				PRODUCT_BUNDLE_IDENTIFIER = com.sldatastructure.DataStructureJourney;
				PRODUCT_NAME = "$(TARGET_NAME)";
				SWIFT_EMIT_LOC_STRINGS = YES;
				SWIFT_VERSION = 5.0;
				TARGETED_DEVICE_FAMILY = "1,2";
			};
			name = Release;
		};
		226CDAA42A6D178A004F3A77 /* Debug */ = {
			isa = XCBuildConfiguration;
			buildSettings = {
				CODE_SIGN_STYLE = Automatic;
				CURRENT_PROJECT_VERSION = 1;
				DEFINES_MODULE = YES;
				DYLIB_COMPATIBILITY_VERSION = 1;
				DYLIB_CURRENT_VERSION = 1;
				DYLIB_INSTALL_NAME_BASE = "@rpath";
				GENERATE_INFOPLIST_FILE = YES;
				INFOPLIST_KEY_NSHumanReadableCopyright = "";
				INSTALL_PATH = "$(LOCAL_LIBRARY_DIR)/Frameworks";
				LD_RUNPATH_SEARCH_PATHS = (
					"$(inherited)",
					"@executable_path/Frameworks",
					"@loader_path/Frameworks",
				);
				MARKETING_VERSION = 1.0;
				PRODUCT_BUNDLE_IDENTIFIER = com.sldatastructure.SLSequence;
				PRODUCT_NAME = "$(TARGET_NAME:c99extidentifier)";
				SKIP_INSTALL = YES;
				SWIFT_EMIT_LOC_STRINGS = YES;
				SWIFT_VERSION = 5.0;
				TARGETED_DEVICE_FAMILY = "1,2";
				VERSIONING_SYSTEM = "apple-generic";
				VERSION_INFO_PREFIX = "";
			};
			name = Debug;
		};
		226CDAA52A6D178A004F3A77 /* Release */ = {
			isa = XCBuildConfiguration;
			buildSettings = {
				CODE_SIGN_STYLE = Automatic;
				CURRENT_PROJECT_VERSION = 1;
				DEFINES_MODULE = YES;
				DYLIB_COMPATIBILITY_VERSION = 1;
				DYLIB_CURRENT_VERSION = 1;
				DYLIB_INSTALL_NAME_BASE = "@rpath";
				GENERATE_INFOPLIST_FILE = YES;
				INFOPLIST_KEY_NSHumanReadableCopyright = "";
				INSTALL_PATH = "$(LOCAL_LIBRARY_DIR)/Frameworks";
				LD_RUNPATH_SEARCH_PATHS = (
					"$(inherited)",
					"@executable_path/Frameworks",
					"@loader_path/Frameworks",
				);
				MARKETING_VERSION = 1.0;
				PRODUCT_BUNDLE_IDENTIFIER = com.sldatastructure.SLSequence;
				PRODUCT_NAME = "$(TARGET_NAME:c99extidentifier)";
				SKIP_INSTALL = YES;
				SWIFT_EMIT_LOC_STRINGS = YES;
				SWIFT_VERSION = 5.0;
				TARGETED_DEVICE_FAMILY = "1,2";
				VERSIONING_SYSTEM = "apple-generic";
				VERSION_INFO_PREFIX = "";
			};
			name = Release;
		};
		226CDAA82A6D178A004F3A77 /* Debug */ = {
			isa = XCBuildConfiguration;
			buildSettings = {
				ALWAYS_EMBED_SWIFT_STANDARD_LIBRARIES = YES;
				CODE_SIGN_STYLE = Automatic;
				CURRENT_PROJECT_VERSION = 1;
				GENERATE_INFOPLIST_FILE = YES;
				MARKETING_VERSION = 1.0;
				PRODUCT_BUNDLE_IDENTIFIER = com.sldatastructure.SLSequenceTests;
				PRODUCT_NAME = "$(TARGET_NAME)";
				SWIFT_EMIT_LOC_STRINGS = NO;
				SWIFT_VERSION = 5.0;
				TARGETED_DEVICE_FAMILY = "1,2";
				TEST_HOST = "$(BUILT_PRODUCTS_DIR)/DataStructureJourney.app/$(BUNDLE_EXECUTABLE_FOLDER_PATH)/DataStructureJourney";
			};
			name = Debug;
		};
		226CDAA92A6D178A004F3A77 /* Release */ = {
			isa = XCBuildConfiguration;
			buildSettings = {
				ALWAYS_EMBED_SWIFT_STANDARD_LIBRARIES = YES;
				CODE_SIGN_STYLE = Automatic;
				CURRENT_PROJECT_VERSION = 1;
				GENERATE_INFOPLIST_FILE = YES;
				MARKETING_VERSION = 1.0;
				PRODUCT_BUNDLE_IDENTIFIER = com.sldatastructure.SLSequenceTests;
				PRODUCT_NAME = "$(TARGET_NAME)";
				SWIFT_EMIT_LOC_STRINGS = NO;
				SWIFT_VERSION = 5.0;
				TARGETED_DEVICE_FAMILY = "1,2";
				TEST_HOST = "$(BUILT_PRODUCTS_DIR)/DataStructureJourney.app/$(BUNDLE_EXECUTABLE_FOLDER_PATH)/DataStructureJourney";
			};
			name = Release;
		};
		22799B282A8DA9550057C2C2 /* Debug */ = {
			isa = XCBuildConfiguration;
			buildSettings = {
				ASSETCATALOG_COMPILER_GENERATE_SWIFT_ASSET_SYMBOL_EXTENSIONS = YES;
				CODE_SIGN_STYLE = Automatic;
				CURRENT_PROJECT_VERSION = 1;
				DEFINES_MODULE = YES;
				DYLIB_COMPATIBILITY_VERSION = 1;
				DYLIB_CURRENT_VERSION = 1;
				DYLIB_INSTALL_NAME_BASE = "@rpath";
				ENABLE_MODULE_VERIFIER = YES;
				ENABLE_USER_SCRIPT_SANDBOXING = YES;
				GCC_C_LANGUAGE_STANDARD = gnu17;
				GENERATE_INFOPLIST_FILE = YES;
				INFOPLIST_KEY_NSHumanReadableCopyright = "";
				INSTALL_PATH = "$(LOCAL_LIBRARY_DIR)/Frameworks";
				IPHONEOS_DEPLOYMENT_TARGET = 16.0;
				LD_RUNPATH_SEARCH_PATHS = (
					"$(inherited)",
					"@executable_path/Frameworks",
					"@loader_path/Frameworks",
				);
				LOCALIZATION_PREFERS_STRING_CATALOGS = YES;
				MARKETING_VERSION = 1.0;
				MODULE_VERIFIER_SUPPORTED_LANGUAGES = "objective-c objective-c++";
				MODULE_VERIFIER_SUPPORTED_LANGUAGE_STANDARDS = "gnu17 gnu++20";
				PRODUCT_BUNDLE_IDENTIFIER = com.sldatastructure.SLHashSet;
				PRODUCT_NAME = "$(TARGET_NAME:c99extidentifier)";
				SKIP_INSTALL = YES;
				SWIFT_ACTIVE_COMPILATION_CONDITIONS = "DEBUG $(inherited)";
				SWIFT_EMIT_LOC_STRINGS = YES;
				SWIFT_VERSION = 5.0;
				TARGETED_DEVICE_FAMILY = "1,2";
				VERSIONING_SYSTEM = "apple-generic";
				VERSION_INFO_PREFIX = "";
			};
			name = Debug;
		};
		22799B292A8DA9550057C2C2 /* Release */ = {
			isa = XCBuildConfiguration;
			buildSettings = {
				ASSETCATALOG_COMPILER_GENERATE_SWIFT_ASSET_SYMBOL_EXTENSIONS = YES;
				CODE_SIGN_STYLE = Automatic;
				CURRENT_PROJECT_VERSION = 1;
				DEFINES_MODULE = YES;
				DYLIB_COMPATIBILITY_VERSION = 1;
				DYLIB_CURRENT_VERSION = 1;
				DYLIB_INSTALL_NAME_BASE = "@rpath";
				ENABLE_MODULE_VERIFIER = YES;
				ENABLE_USER_SCRIPT_SANDBOXING = YES;
				GCC_C_LANGUAGE_STANDARD = gnu17;
				GENERATE_INFOPLIST_FILE = YES;
				INFOPLIST_KEY_NSHumanReadableCopyright = "";
				INSTALL_PATH = "$(LOCAL_LIBRARY_DIR)/Frameworks";
				IPHONEOS_DEPLOYMENT_TARGET = 16.0;
				LD_RUNPATH_SEARCH_PATHS = (
					"$(inherited)",
					"@executable_path/Frameworks",
					"@loader_path/Frameworks",
				);
				LOCALIZATION_PREFERS_STRING_CATALOGS = YES;
				MARKETING_VERSION = 1.0;
				MODULE_VERIFIER_SUPPORTED_LANGUAGES = "objective-c objective-c++";
				MODULE_VERIFIER_SUPPORTED_LANGUAGE_STANDARDS = "gnu17 gnu++20";
				PRODUCT_BUNDLE_IDENTIFIER = com.sldatastructure.SLHashSet;
				PRODUCT_NAME = "$(TARGET_NAME:c99extidentifier)";
				SKIP_INSTALL = YES;
				SWIFT_EMIT_LOC_STRINGS = YES;
				SWIFT_VERSION = 5.0;
				TARGETED_DEVICE_FAMILY = "1,2";
				VERSIONING_SYSTEM = "apple-generic";
				VERSION_INFO_PREFIX = "";
			};
			name = Release;
		};
		22799B2A2A8DA9550057C2C2 /* Debug */ = {
			isa = XCBuildConfiguration;
			buildSettings = {
				ALWAYS_EMBED_SWIFT_STANDARD_LIBRARIES = YES;
				ASSETCATALOG_COMPILER_GENERATE_SWIFT_ASSET_SYMBOL_EXTENSIONS = YES;
				CODE_SIGN_STYLE = Automatic;
				CURRENT_PROJECT_VERSION = 1;
				ENABLE_USER_SCRIPT_SANDBOXING = YES;
				GCC_C_LANGUAGE_STANDARD = gnu17;
				GENERATE_INFOPLIST_FILE = YES;
				IPHONEOS_DEPLOYMENT_TARGET = 16.0;
				LOCALIZATION_PREFERS_STRING_CATALOGS = YES;
				MARKETING_VERSION = 1.0;
				PRODUCT_BUNDLE_IDENTIFIER = com.sldatastructure.SLHashSetTests;
				PRODUCT_NAME = "$(TARGET_NAME)";
				SWIFT_ACTIVE_COMPILATION_CONDITIONS = "DEBUG $(inherited)";
				SWIFT_EMIT_LOC_STRINGS = NO;
				SWIFT_VERSION = 5.0;
				TARGETED_DEVICE_FAMILY = "1,2";
				TEST_HOST = "$(BUILT_PRODUCTS_DIR)/DataStructureJourney.app/$(BUNDLE_EXECUTABLE_FOLDER_PATH)/DataStructureJourney";
			};
			name = Debug;
		};
		22799B2B2A8DA9550057C2C2 /* Release */ = {
			isa = XCBuildConfiguration;
			buildSettings = {
				ALWAYS_EMBED_SWIFT_STANDARD_LIBRARIES = YES;
				ASSETCATALOG_COMPILER_GENERATE_SWIFT_ASSET_SYMBOL_EXTENSIONS = YES;
				CODE_SIGN_STYLE = Automatic;
				CURRENT_PROJECT_VERSION = 1;
				ENABLE_USER_SCRIPT_SANDBOXING = YES;
				GCC_C_LANGUAGE_STANDARD = gnu17;
				GENERATE_INFOPLIST_FILE = YES;
				IPHONEOS_DEPLOYMENT_TARGET = 16.0;
				LOCALIZATION_PREFERS_STRING_CATALOGS = YES;
				MARKETING_VERSION = 1.0;
				PRODUCT_BUNDLE_IDENTIFIER = com.sldatastructure.SLHashSetTests;
				PRODUCT_NAME = "$(TARGET_NAME)";
				SWIFT_EMIT_LOC_STRINGS = NO;
				SWIFT_VERSION = 5.0;
				TARGETED_DEVICE_FAMILY = "1,2";
				TEST_HOST = "$(BUILT_PRODUCTS_DIR)/DataStructureJourney.app/$(BUNDLE_EXECUTABLE_FOLDER_PATH)/DataStructureJourney";
			};
			name = Release;
		};
		2287A36F2A76BB27004837F9 /* Debug */ = {
			isa = XCBuildConfiguration;
			buildSettings = {
				CODE_SIGN_STYLE = Automatic;
				CURRENT_PROJECT_VERSION = 1;
				DEFINES_MODULE = YES;
				DYLIB_COMPATIBILITY_VERSION = 1;
				DYLIB_CURRENT_VERSION = 1;
				DYLIB_INSTALL_NAME_BASE = "@rpath";
				GENERATE_INFOPLIST_FILE = YES;
				INFOPLIST_KEY_NSHumanReadableCopyright = "";
				INSTALL_PATH = "$(LOCAL_LIBRARY_DIR)/Frameworks";
				IPHONEOS_DEPLOYMENT_TARGET = 16.0;
				LD_RUNPATH_SEARCH_PATHS = (
					"$(inherited)",
					"@executable_path/Frameworks",
					"@loader_path/Frameworks",
				);
				MARKETING_VERSION = 1.0;
				PRODUCT_BUNDLE_IDENTIFIER = com.sldatastructure.SLQueue;
				PRODUCT_NAME = "$(TARGET_NAME:c99extidentifier)";
				SKIP_INSTALL = YES;
				SWIFT_EMIT_LOC_STRINGS = YES;
				SWIFT_VERSION = 5.0;
				TARGETED_DEVICE_FAMILY = "1,2";
				VERSIONING_SYSTEM = "apple-generic";
				VERSION_INFO_PREFIX = "";
			};
			name = Debug;
		};
		2287A3702A76BB27004837F9 /* Release */ = {
			isa = XCBuildConfiguration;
			buildSettings = {
				CODE_SIGN_STYLE = Automatic;
				CURRENT_PROJECT_VERSION = 1;
				DEFINES_MODULE = YES;
				DYLIB_COMPATIBILITY_VERSION = 1;
				DYLIB_CURRENT_VERSION = 1;
				DYLIB_INSTALL_NAME_BASE = "@rpath";
				GENERATE_INFOPLIST_FILE = YES;
				INFOPLIST_KEY_NSHumanReadableCopyright = "";
				INSTALL_PATH = "$(LOCAL_LIBRARY_DIR)/Frameworks";
				IPHONEOS_DEPLOYMENT_TARGET = 16.0;
				LD_RUNPATH_SEARCH_PATHS = (
					"$(inherited)",
					"@executable_path/Frameworks",
					"@loader_path/Frameworks",
				);
				MARKETING_VERSION = 1.0;
				PRODUCT_BUNDLE_IDENTIFIER = com.sldatastructure.SLQueue;
				PRODUCT_NAME = "$(TARGET_NAME:c99extidentifier)";
				SKIP_INSTALL = YES;
				SWIFT_EMIT_LOC_STRINGS = YES;
				SWIFT_VERSION = 5.0;
				TARGETED_DEVICE_FAMILY = "1,2";
				VERSIONING_SYSTEM = "apple-generic";
				VERSION_INFO_PREFIX = "";
			};
			name = Release;
		};
		2287A3722A76BB27004837F9 /* Debug */ = {
			isa = XCBuildConfiguration;
			buildSettings = {
				ALWAYS_EMBED_SWIFT_STANDARD_LIBRARIES = YES;
				CODE_SIGN_STYLE = Automatic;
				CURRENT_PROJECT_VERSION = 1;
				GENERATE_INFOPLIST_FILE = YES;
				IPHONEOS_DEPLOYMENT_TARGET = 16.0;
				MARKETING_VERSION = 1.0;
				PRODUCT_BUNDLE_IDENTIFIER = com.sldatastructure.SLQueueTests;
				PRODUCT_NAME = "$(TARGET_NAME)";
				SWIFT_EMIT_LOC_STRINGS = NO;
				SWIFT_VERSION = 5.0;
				TARGETED_DEVICE_FAMILY = "1,2";
				TEST_HOST = "$(BUILT_PRODUCTS_DIR)/DataStructureJourney.app/$(BUNDLE_EXECUTABLE_FOLDER_PATH)/DataStructureJourney";
			};
			name = Debug;
		};
		2287A3732A76BB27004837F9 /* Release */ = {
			isa = XCBuildConfiguration;
			buildSettings = {
				ALWAYS_EMBED_SWIFT_STANDARD_LIBRARIES = YES;
				CODE_SIGN_STYLE = Automatic;
				CURRENT_PROJECT_VERSION = 1;
				GENERATE_INFOPLIST_FILE = YES;
				IPHONEOS_DEPLOYMENT_TARGET = 16.0;
				MARKETING_VERSION = 1.0;
				PRODUCT_BUNDLE_IDENTIFIER = com.sldatastructure.SLQueueTests;
				PRODUCT_NAME = "$(TARGET_NAME)";
				SWIFT_EMIT_LOC_STRINGS = NO;
				SWIFT_VERSION = 5.0;
				TARGETED_DEVICE_FAMILY = "1,2";
				TEST_HOST = "$(BUILT_PRODUCTS_DIR)/DataStructureJourney.app/$(BUNDLE_EXECUTABLE_FOLDER_PATH)/DataStructureJourney";
			};
			name = Release;
		};
/* End XCBuildConfiguration section */

/* Begin XCConfigurationList section */
		226CDA6B2A6D1759004F3A77 /* Build configuration list for PBXProject "DataStructureJourney" */ = {
			isa = XCConfigurationList;
			buildConfigurations = (
				226CDA822A6D175A004F3A77 /* Debug */,
				226CDA832A6D175A004F3A77 /* Release */,
			);
			defaultConfigurationIsVisible = 0;
			defaultConfigurationName = Release;
		};
		226CDA842A6D175A004F3A77 /* Build configuration list for PBXNativeTarget "DataStructureJourney" */ = {
			isa = XCConfigurationList;
			buildConfigurations = (
				226CDA852A6D175A004F3A77 /* Debug */,
				226CDA862A6D175A004F3A77 /* Release */,
			);
			defaultConfigurationIsVisible = 0;
			defaultConfigurationName = Release;
		};
		226CDAA32A6D178A004F3A77 /* Build configuration list for PBXNativeTarget "SLSequence" */ = {
			isa = XCConfigurationList;
			buildConfigurations = (
				226CDAA42A6D178A004F3A77 /* Debug */,
				226CDAA52A6D178A004F3A77 /* Release */,
			);
			defaultConfigurationIsVisible = 0;
			defaultConfigurationName = Release;
		};
		226CDAA72A6D178A004F3A77 /* Build configuration list for PBXNativeTarget "SLSequenceTests" */ = {
			isa = XCConfigurationList;
			buildConfigurations = (
				226CDAA82A6D178A004F3A77 /* Debug */,
				226CDAA92A6D178A004F3A77 /* Release */,
			);
			defaultConfigurationIsVisible = 0;
			defaultConfigurationName = Release;
		};
		22799B2C2A8DA9550057C2C2 /* Build configuration list for PBXNativeTarget "SLHashSet" */ = {
			isa = XCConfigurationList;
			buildConfigurations = (
				22799B282A8DA9550057C2C2 /* Debug */,
				22799B292A8DA9550057C2C2 /* Release */,
			);
			defaultConfigurationIsVisible = 0;
			defaultConfigurationName = Release;
		};
		22799B2D2A8DA9550057C2C2 /* Build configuration list for PBXNativeTarget "SLHashSetTests" */ = {
			isa = XCConfigurationList;
			buildConfigurations = (
				22799B2A2A8DA9550057C2C2 /* Debug */,
				22799B2B2A8DA9550057C2C2 /* Release */,
			);
			defaultConfigurationIsVisible = 0;
			defaultConfigurationName = Release;
		};
		2287A36E2A76BB27004837F9 /* Build configuration list for PBXNativeTarget "SLQueue" */ = {
			isa = XCConfigurationList;
			buildConfigurations = (
				2287A36F2A76BB27004837F9 /* Debug */,
				2287A3702A76BB27004837F9 /* Release */,
			);
			defaultConfigurationIsVisible = 0;
			defaultConfigurationName = Release;
		};
		2287A3712A76BB27004837F9 /* Build configuration list for PBXNativeTarget "SLQueueTests" */ = {
			isa = XCConfigurationList;
			buildConfigurations = (
				2287A3722A76BB27004837F9 /* Debug */,
				2287A3732A76BB27004837F9 /* Release */,
			);
			defaultConfigurationIsVisible = 0;
			defaultConfigurationName = Release;
		};
/* End XCConfigurationList section */
	};
	rootObject = 226CDA682A6D1759004F3A77 /* Project object */;
}
